// !$*UTF8*$!
{
	archiveVersion = 1;
	classes = {
	};
	objectVersion = 50;
	objects = {

/* Begin PBXBuildFile section */
		8347CE3921E8A574003057AD /* AppDelegate.swift in Sources */ = {isa = PBXBuildFile; fileRef = 8347CE3821E8A574003057AD /* AppDelegate.swift */; };
		8347CE3B21E8A574003057AD /* ViewController.swift in Sources */ = {isa = PBXBuildFile; fileRef = 8347CE3A21E8A574003057AD /* ViewController.swift */; };
		8347CE3E21E8A574003057AD /* Main.storyboard in Resources */ = {isa = PBXBuildFile; fileRef = 8347CE3C21E8A574003057AD /* Main.storyboard */; };
		8347CE4021E8A575003057AD /* Assets.xcassets in Resources */ = {isa = PBXBuildFile; fileRef = 8347CE3F21E8A575003057AD /* Assets.xcassets */; };
		8347CE4321E8A575003057AD /* LaunchScreen.storyboard in Resources */ = {isa = PBXBuildFile; fileRef = 8347CE4121E8A575003057AD /* LaunchScreen.storyboard */; };
		8347CE4E21E8A575003057AD /* Aqua_appTests.swift in Sources */ = {isa = PBXBuildFile; fileRef = 8347CE4D21E8A575003057AD /* Aqua_appTests.swift */; };
		8347CE5921E8A575003057AD /* Aqua_appUITests.swift in Sources */ = {isa = PBXBuildFile; fileRef = 8347CE5821E8A575003057AD /* Aqua_appUITests.swift */; };
/* End PBXBuildFile section */

/* Begin PBXContainerItemProxy section */
		8347CE4A21E8A575003057AD /* PBXContainerItemProxy */ = {
			isa = PBXContainerItemProxy;
			containerPortal = 8347CE2D21E8A574003057AD /* Project object */;
			proxyType = 1;
			remoteGlobalIDString = 8347CE3421E8A574003057AD;
			remoteInfo = "Aqua app";
		};
		8347CE5521E8A575003057AD /* PBXContainerItemProxy */ = {
			isa = PBXContainerItemProxy;
			containerPortal = 8347CE2D21E8A574003057AD /* Project object */;
			proxyType = 1;
			remoteGlobalIDString = 8347CE3421E8A574003057AD;
			remoteInfo = "Aqua app";
		};
/* End PBXContainerItemProxy section */

/* Begin PBXFileReference section */
		8347CE3521E8A574003057AD /* Aqua app.app */ = {isa = PBXFileReference; explicitFileType = wrapper.application; includeInIndex = 0; path = "Aqua app.app"; sourceTree = BUILT_PRODUCTS_DIR; };
		8347CE3821E8A574003057AD /* AppDelegate.swift */ = {isa = PBXFileReference; lastKnownFileType = sourcecode.swift; path = AppDelegate.swift; sourceTree = "<group>"; };
		8347CE3A21E8A574003057AD /* ViewController.swift */ = {isa = PBXFileReference; lastKnownFileType = sourcecode.swift; path = ViewController.swift; sourceTree = "<group>"; };
		8347CE3D21E8A574003057AD /* Base */ = {isa = PBXFileReference; lastKnownFileType = file.storyboard; name = Base; path = Base.lproj/Main.storyboard; sourceTree = "<group>"; };
		8347CE3F21E8A575003057AD /* Assets.xcassets */ = {isa = PBXFileReference; lastKnownFileType = folder.assetcatalog; path = Assets.xcassets; sourceTree = "<group>"; };
		8347CE4221E8A575003057AD /* Base */ = {isa = PBXFileReference; lastKnownFileType = file.storyboard; name = Base; path = Base.lproj/LaunchScreen.storyboard; sourceTree = "<group>"; };
		8347CE4421E8A575003057AD /* Info.plist */ = {isa = PBXFileReference; lastKnownFileType = text.plist.xml; path = Info.plist; sourceTree = "<group>"; };
		8347CE4921E8A575003057AD /* Aqua appTests.xctest */ = {isa = PBXFileReference; explicitFileType = wrapper.cfbundle; includeInIndex = 0; path = "Aqua appTests.xctest"; sourceTree = BUILT_PRODUCTS_DIR; };
		8347CE4D21E8A575003057AD /* Aqua_appTests.swift */ = {isa = PBXFileReference; lastKnownFileType = sourcecode.swift; path = Aqua_appTests.swift; sourceTree = "<group>"; };
		8347CE4F21E8A575003057AD /* Info.plist */ = {isa = PBXFileReference; lastKnownFileType = text.plist.xml; path = Info.plist; sourceTree = "<group>"; };
		8347CE5421E8A575003057AD /* Aqua appUITests.xctest */ = {isa = PBXFileReference; explicitFileType = wrapper.cfbundle; includeInIndex = 0; path = "Aqua appUITests.xctest"; sourceTree = BUILT_PRODUCTS_DIR; };
		8347CE5821E8A575003057AD /* Aqua_appUITests.swift */ = {isa = PBXFileReference; lastKnownFileType = sourcecode.swift; path = Aqua_appUITests.swift; sourceTree = "<group>"; };
		8347CE5A21E8A575003057AD /* Info.plist */ = {isa = PBXFileReference; lastKnownFileType = text.plist.xml; path = Info.plist; sourceTree = "<group>"; };
/* End PBXFileReference section */

/* Begin PBXFrameworksBuildPhase section */
		8347CE3221E8A574003057AD /* Frameworks */ = {
			isa = PBXFrameworksBuildPhase;
			buildActionMask = 2147483647;
			files = (
			);
			runOnlyForDeploymentPostprocessing = 0;
		};
		8347CE4621E8A575003057AD /* Frameworks */ = {
			isa = PBXFrameworksBuildPhase;
			buildActionMask = 2147483647;
			files = (
			);
			runOnlyForDeploymentPostprocessing = 0;
		};
		8347CE5121E8A575003057AD /* Frameworks */ = {
			isa = PBXFrameworksBuildPhase;
			buildActionMask = 2147483647;
			files = (
			);
			runOnlyForDeploymentPostprocessing = 0;
		};
/* End PBXFrameworksBuildPhase section */

/* Begin PBXGroup section */
		8347CE2C21E8A574003057AD = {
			isa = PBXGroup;
			children = (
				8347CE3721E8A574003057AD /* Aqua app */,
				8347CE4C21E8A575003057AD /* Aqua appTests */,
				8347CE5721E8A575003057AD /* Aqua appUITests */,
				8347CE3621E8A574003057AD /* Products */,
			);
			sourceTree = "<group>";
		};
		8347CE3621E8A574003057AD /* Products */ = {
			isa = PBXGroup;
			children = (
				8347CE3521E8A574003057AD /* Aqua app.app */,
				8347CE4921E8A575003057AD /* Aqua appTests.xctest */,
				8347CE5421E8A575003057AD /* Aqua appUITests.xctest */,
			);
			name = Products;
			sourceTree = "<group>";
		};
		8347CE3721E8A574003057AD /* Aqua app */ = {
			isa = PBXGroup;
			children = (
				8347CE3821E8A574003057AD /* AppDelegate.swift */,
				8347CE3A21E8A574003057AD /* ViewController.swift */,
				8347CE3C21E8A574003057AD /* Main.storyboard */,
				8347CE3F21E8A575003057AD /* Assets.xcassets */,
				8347CE4121E8A575003057AD /* LaunchScreen.storyboard */,
				8347CE4421E8A575003057AD /* Info.plist */,
			);
			path = "Aqua app";
			sourceTree = "<group>";
		};
		8347CE4C21E8A575003057AD /* Aqua appTests */ = {
			isa = PBXGroup;
			children = (
				8347CE4D21E8A575003057AD /* Aqua_appTests.swift */,
				8347CE4F21E8A575003057AD /* Info.plist */,
			);
			path = "Aqua appTests";
			sourceTree = "<group>";
		};
		8347CE5721E8A575003057AD /* Aqua appUITests */ = {
			isa = PBXGroup;
			children = (
				8347CE5821E8A575003057AD /* Aqua_appUITests.swift */,
				8347CE5A21E8A575003057AD /* Info.plist */,
			);
			path = "Aqua appUITests";
			sourceTree = "<group>";
		};
/* End PBXGroup section */

/* Begin PBXNativeTarget section */
		8347CE3421E8A574003057AD /* Aqua app */ = {
			isa = PBXNativeTarget;
			buildConfigurationList = 8347CE5D21E8A575003057AD /* Build configuration list for PBXNativeTarget "Aqua app" */;
			buildPhases = (
				8347CE3121E8A574003057AD /* Sources */,
				8347CE3221E8A574003057AD /* Frameworks */,
				8347CE3321E8A574003057AD /* Resources */,
			);
			buildRules = (
			);
			dependencies = (
			);
			name = "Aqua app";
			productName = "Aqua app";
			productReference = 8347CE3521E8A574003057AD /* Aqua app.app */;
			productType = "com.apple.product-type.application";
		};
		8347CE4821E8A575003057AD /* Aqua appTests */ = {
			isa = PBXNativeTarget;
			buildConfigurationList = 8347CE6021E8A575003057AD /* Build configuration list for PBXNativeTarget "Aqua appTests" */;
			buildPhases = (
				8347CE4521E8A575003057AD /* Sources */,
				8347CE4621E8A575003057AD /* Frameworks */,
				8347CE4721E8A575003057AD /* Resources */,
			);
			buildRules = (
			);
			dependencies = (
				8347CE4B21E8A575003057AD /* PBXTargetDependency */,
			);
			name = "Aqua appTests";
			productName = "Aqua appTests";
			productReference = 8347CE4921E8A575003057AD /* Aqua appTests.xctest */;
			productType = "com.apple.product-type.bundle.unit-test";
		};
		8347CE5321E8A575003057AD /* Aqua appUITests */ = {
			isa = PBXNativeTarget;
			buildConfigurationList = 8347CE6321E8A575003057AD /* Build configuration list for PBXNativeTarget "Aqua appUITests" */;
			buildPhases = (
				8347CE5021E8A575003057AD /* Sources */,
				8347CE5121E8A575003057AD /* Frameworks */,
				8347CE5221E8A575003057AD /* Resources */,
			);
			buildRules = (
			);
			dependencies = (
				8347CE5621E8A575003057AD /* PBXTargetDependency */,
			);
			name = "Aqua appUITests";
			productName = "Aqua appUITests";
			productReference = 8347CE5421E8A575003057AD /* Aqua appUITests.xctest */;
			productType = "com.apple.product-type.bundle.ui-testing";
		};
/* End PBXNativeTarget section */

/* Begin PBXProject section */
		8347CE2D21E8A574003057AD /* Project object */ = {
			isa = PBXProject;
			attributes = {
				LastSwiftUpdateCheck = 1010;
				LastUpgradeCheck = 1010;
				ORGANIZATIONNAME = ISSD;
				TargetAttributes = {
					8347CE3421E8A574003057AD = {
						CreatedOnToolsVersion = 10.1;
					};
					8347CE4821E8A575003057AD = {
						CreatedOnToolsVersion = 10.1;
						TestTargetID = 8347CE3421E8A574003057AD;
					};
					8347CE5321E8A575003057AD = {
						CreatedOnToolsVersion = 10.1;
						TestTargetID = 8347CE3421E8A574003057AD;
					};
				};
			};
			buildConfigurationList = 8347CE3021E8A574003057AD /* Build configuration list for PBXProject "Aqua app" */;
			compatibilityVersion = "Xcode 9.3";
			developmentRegion = en;
			hasScannedForEncodings = 0;
			knownRegions = (
				en,
				Base,
			);
			mainGroup = 8347CE2C21E8A574003057AD;
			productRefGroup = 8347CE3621E8A574003057AD /* Products */;
			projectDirPath = "";
			projectRoot = "";
			targets = (
				8347CE3421E8A574003057AD /* Aqua app */,
				8347CE4821E8A575003057AD /* Aqua appTests */,
				8347CE5321E8A575003057AD /* Aqua appUITests */,
			);
		};
/* End PBXProject section */

/* Begin PBXResourcesBuildPhase section */
		8347CE3321E8A574003057AD /* Resources */ = {
			isa = PBXResourcesBuildPhase;
			buildActionMask = 2147483647;
			files = (
				8347CE4321E8A575003057AD /* LaunchScreen.storyboard in Resources */,
				8347CE4021E8A575003057AD /* Assets.xcassets in Resources */,
				8347CE3E21E8A574003057AD /* Main.storyboard in Resources */,
			);
			runOnlyForDeploymentPostprocessing = 0;
		};
		8347CE4721E8A575003057AD /* Resources */ = {
			isa = PBXResourcesBuildPhase;
			buildActionMask = 2147483647;
			files = (
			);
			runOnlyForDeploymentPostprocessing = 0;
		};
		8347CE5221E8A575003057AD /* Resources */ = {
			isa = PBXResourcesBuildPhase;
			buildActionMask = 2147483647;
			files = (
			);
			runOnlyForDeploymentPostprocessing = 0;
		};
/* End PBXResourcesBuildPhase section */

/* Begin PBXSourcesBuildPhase section */
		8347CE3121E8A574003057AD /* Sources */ = {
			isa = PBXSourcesBuildPhase;
			buildActionMask = 2147483647;
			files = (
				8347CE3B21E8A574003057AD /* ViewController.swift in Sources */,
				8347CE3921E8A574003057AD /* AppDelegate.swift in Sources */,
			);
			runOnlyForDeploymentPostprocessing = 0;
		};
		8347CE4521E8A575003057AD /* Sources */ = {
			isa = PBXSourcesBuildPhase;
			buildActionMask = 2147483647;
			files = (
				8347CE4E21E8A575003057AD /* Aqua_appTests.swift in Sources */,
			);
			runOnlyForDeploymentPostprocessing = 0;
		};
		8347CE5021E8A575003057AD /* Sources */ = {
			isa = PBXSourcesBuildPhase;
			buildActionMask = 2147483647;
			files = (
				8347CE5921E8A575003057AD /* Aqua_appUITests.swift in Sources */,
			);
			runOnlyForDeploymentPostprocessing = 0;
		};
/* End PBXSourcesBuildPhase section */

/* Begin PBXTargetDependency section */
		8347CE4B21E8A575003057AD /* PBXTargetDependency */ = {
			isa = PBXTargetDependency;
			target = 8347CE3421E8A574003057AD /* Aqua app */;
			targetProxy = 8347CE4A21E8A575003057AD /* PBXContainerItemProxy */;
		};
		8347CE5621E8A575003057AD /* PBXTargetDependency */ = {
			isa = PBXTargetDependency;
			target = 8347CE3421E8A574003057AD /* Aqua app */;
			targetProxy = 8347CE5521E8A575003057AD /* PBXContainerItemProxy */;
		};
/* End PBXTargetDependency section */

/* Begin PBXVariantGroup section */
		8347CE3C21E8A574003057AD /* Main.storyboard */ = {
			isa = PBXVariantGroup;
			children = (
				8347CE3D21E8A574003057AD /* Base */,
			);
			name = Main.storyboard;
			sourceTree = "<group>";
		};
		8347CE4121E8A575003057AD /* LaunchScreen.storyboard */ = {
			isa = PBXVariantGroup;
			children = (
				8347CE4221E8A575003057AD /* Base */,
			);
			name = LaunchScreen.storyboard;
			sourceTree = "<group>";
		};
/* End PBXVariantGroup section */

/* Begin XCBuildConfiguration section */
		8347CE5B21E8A575003057AD /* Debug */ = {
			isa = XCBuildConfiguration;
			buildSettings = {
				ALWAYS_SEARCH_USER_PATHS = NO;
				CLANG_ANALYZER_NONNULL = YES;
				CLANG_ANALYZER_NUMBER_OBJECT_CONVERSION = YES_AGGRESSIVE;
				CLANG_CXX_LANGUAGE_STANDARD = "gnu++14";
				CLANG_CXX_LIBRARY = "libc++";
				CLANG_ENABLE_MODULES = YES;
				CLANG_ENABLE_OBJC_ARC = YES;
				CLANG_ENABLE_OBJC_WEAK = YES;
				CLANG_WARN_BLOCK_CAPTURE_AUTORELEASING = YES;
				CLANG_WARN_BOOL_CONVERSION = YES;
				CLANG_WARN_COMMA = YES;
				CLANG_WARN_CONSTANT_CONVERSION = YES;
				CLANG_WARN_DEPRECATED_OBJC_IMPLEMENTATIONS = YES;
				CLANG_WARN_DIRECT_OBJC_ISA_USAGE = YES_ERROR;
				CLANG_WARN_DOCUMENTATION_COMMENTS = YES;
				CLANG_WARN_EMPTY_BODY = YES;
				CLANG_WARN_ENUM_CONVERSION = YES;
				CLANG_WARN_INFINITE_RECURSION = YES;
				CLANG_WARN_INT_CONVERSION = YES;
				CLANG_WARN_NON_LITERAL_NULL_CONVERSION = YES;
				CLANG_WARN_OBJC_IMPLICIT_RETAIN_SELF = YES;
				CLANG_WARN_OBJC_LITERAL_CONVERSION = YES;
				CLANG_WARN_OBJC_ROOT_CLASS = YES_ERROR;
				CLANG_WARN_RANGE_LOOP_ANALYSIS = YES;
				CLANG_WARN_STRICT_PROTOTYPES = YES;
				CLANG_WARN_SUSPICIOUS_MOVE = YES;
				CLANG_WARN_UNGUARDED_AVAILABILITY = YES_AGGRESSIVE;
				CLANG_WARN_UNREACHABLE_CODE = YES;
				CLANG_WARN__DUPLICATE_METHOD_MATCH = YES;
				CODE_SIGN_IDENTITY = "iPhone Developer";
				COPY_PHASE_STRIP = NO;
				DEBUG_INFORMATION_FORMAT = dwarf;
				ENABLE_STRICT_OBJC_MSGSEND = YES;
				ENABLE_TESTABILITY = YES;
				GCC_C_LANGUAGE_STANDARD = gnu11;
				GCC_DYNAMIC_NO_PIC = NO;
				GCC_NO_COMMON_BLOCKS = YES;
				GCC_OPTIMIZATION_LEVEL = 0;
				GCC_PREPROCESSOR_DEFINITIONS = (
					"DEBUG=1",
					"$(inherited)",
				);
				GCC_WARN_64_TO_32_BIT_CONVERSION = YES;
				GCC_WARN_ABOUT_RETURN_TYPE = YES_ERROR;
				GCC_WARN_UNDECLARED_SELECTOR = YES;
				GCC_WARN_UNINITIALIZED_AUTOS = YES_AGGRESSIVE;
				GCC_WARN_UNUSED_FUNCTION = YES;
				GCC_WARN_UNUSED_VARIABLE = YES;
				IPHONEOS_DEPLOYMENT_TARGET = 12.1;
				MTL_ENABLE_DEBUG_INFO = INCLUDE_SOURCE;
				MTL_FAST_MATH = YES;
				ONLY_ACTIVE_ARCH = YES;
				SDKROOT = iphoneos;
				SWIFT_ACTIVE_COMPILATION_CONDITIONS = DEBUG;
				SWIFT_OPTIMIZATION_LEVEL = "-Onone";
			};
			name = Debug;
		};
		8347CE5C21E8A575003057AD /* Release */ = {
			isa = XCBuildConfiguration;
			buildSettings = {
				ALWAYS_SEARCH_USER_PATHS = NO;
				CLANG_ANALYZER_NONNULL = YES;
				CLANG_ANALYZER_NUMBER_OBJECT_CONVERSION = YES_AGGRESSIVE;
				CLANG_CXX_LANGUAGE_STANDARD = "gnu++14";
				CLANG_CXX_LIBRARY = "libc++";
				CLANG_ENABLE_MODULES = YES;
				CLANG_ENABLE_OBJC_ARC = YES;
				CLANG_ENABLE_OBJC_WEAK = YES;
				CLANG_WARN_BLOCK_CAPTURE_AUTORELEASING = YES;
				CLANG_WARN_BOOL_CONVERSION = YES;
				CLANG_WARN_COMMA = YES;
				CLANG_WARN_CONSTANT_CONVERSION = YES;
				CLANG_WARN_DEPRECATED_OBJC_IMPLEMENTATIONS = YES;
				CLANG_WARN_DIRECT_OBJC_ISA_USAGE = YES_ERROR;
				CLANG_WARN_DOCUMENTATION_COMMENTS = YES;
				CLANG_WARN_EMPTY_BODY = YES;
				CLANG_WARN_ENUM_CONVERSION = YES;
				CLANG_WARN_INFINITE_RECURSION = YES;
				CLANG_WARN_INT_CONVERSION = YES;
				CLANG_WARN_NON_LITERAL_NULL_CONVERSION = YES;
				CLANG_WARN_OBJC_IMPLICIT_RETAIN_SELF = YES;
				CLANG_WARN_OBJC_LITERAL_CONVERSION = YES;
				CLANG_WARN_OBJC_ROOT_CLASS = YES_ERROR;
				CLANG_WARN_RANGE_LOOP_ANALYSIS = YES;
				CLANG_WARN_STRICT_PROTOTYPES = YES;
				CLANG_WARN_SUSPICIOUS_MOVE = YES;
				CLANG_WARN_UNGUARDED_AVAILABILITY = YES_AGGRESSIVE;
				CLANG_WARN_UNREACHABLE_CODE = YES;
				CLANG_WARN__DUPLICATE_METHOD_MATCH = YES;
				CODE_SIGN_IDENTITY = "iPhone Developer";
				COPY_PHASE_STRIP = NO;
				DEBUG_INFORMATION_FORMAT = "dwarf-with-dsym";
				ENABLE_NS_ASSERTIONS = NO;
				ENABLE_STRICT_OBJC_MSGSEND = YES;
				GCC_C_LANGUAGE_STANDARD = gnu11;
				GCC_NO_COMMON_BLOCKS = YES;
				GCC_WARN_64_TO_32_BIT_CONVERSION = YES;
				GCC_WARN_ABOUT_RETURN_TYPE = YES_ERROR;
				GCC_WARN_UNDECLARED_SELECTOR = YES;
				GCC_WARN_UNINITIALIZED_AUTOS = YES_AGGRESSIVE;
				GCC_WARN_UNUSED_FUNCTION = YES;
				GCC_WARN_UNUSED_VARIABLE = YES;
				IPHONEOS_DEPLOYMENT_TARGET = 12.1;
				MTL_ENABLE_DEBUG_INFO = NO;
				MTL_FAST_MATH = YES;
				SDKROOT = iphoneos;
				SWIFT_COMPILATION_MODE = wholemodule;
				SWIFT_OPTIMIZATION_LEVEL = "-O";
				VALIDATE_PRODUCT = YES;
			};
			name = Release;
		};
		8347CE5E21E8A575003057AD /* Debug */ = {
			isa = XCBuildConfiguration;
			buildSettings = {
				ASSETCATALOG_COMPILER_APPICON_NAME = AppIcon;
				CODE_SIGN_STYLE = Automatic;
				INFOPLIST_FILE = "Aqua app/Info.plist";
				LD_RUNPATH_SEARCH_PATHS = (
					"$(inherited)",
					"@executable_path/Frameworks",
				);
				PRODUCT_BUNDLE_IDENTIFIER = "issd.Aqua-app";
				PRODUCT_NAME = "$(TARGET_NAME)";
				SWIFT_VERSION = 4.2;
				TARGETED_DEVICE_FAMILY = "1,2";
			};
			name = Debug;
		};
		8347CE5F21E8A575003057AD /* Release */ = {
			isa = XCBuildConfiguration;
			buildSettings = {
				ASSETCATALOG_COMPILER_APPICON_NAME = AppIcon;
				CODE_SIGN_STYLE = Automatic;
				INFOPLIST_FILE = "Aqua app/Info.plist";
				LD_RUNPATH_SEARCH_PATHS = (
					"$(inherited)",
					"@executable_path/Frameworks",
				);
				PRODUCT_BUNDLE_IDENTIFIER = "issd.Aqua-app";
				PRODUCT_NAME = "$(TARGET_NAME)";
				SWIFT_VERSION = 4.2;
				TARGETED_DEVICE_FAMILY = "1,2";
			};
			name = Release;
		};
		8347CE6121E8A575003057AD /* Debug */ = {
			isa = XCBuildConfiguration;
			buildSettings = {
				ALWAYS_EMBED_SWIFT_STANDARD_LIBRARIES = YES;
				BUNDLE_LOADER = "$(TEST_HOST)";
				CODE_SIGN_STYLE = Automatic;
				INFOPLIST_FILE = "Aqua appTests/Info.plist";
				LD_RUNPATH_SEARCH_PATHS = (
					"$(inherited)",
					"@executable_path/Frameworks",
					"@loader_path/Frameworks",
				);
				PRODUCT_BUNDLE_IDENTIFIER = "issd.Aqua-appTests";
				PRODUCT_NAME = "$(TARGET_NAME)";
				SWIFT_VERSION = 4.2;
				TARGETED_DEVICE_FAMILY = "1,2";
				TEST_HOST = "$(BUILT_PRODUCTS_DIR)/Aqua app.app/Aqua app";
			};
			name = Debug;
		};
		8347CE6221E8A575003057AD /* Release */ = {
			isa = XCBuildConfiguration;
			buildSettings = {
				ALWAYS_EMBED_SWIFT_STANDARD_LIBRARIES = YES;
				BUNDLE_LOADER = "$(TEST_HOST)";
				CODE_SIGN_STYLE = Automatic;
				INFOPLIST_FILE = "Aqua appTests/Info.plist";
				LD_RUNPATH_SEARCH_PATHS = (
					"$(inherited)",
					"@executable_path/Frameworks",
					"@loader_path/Frameworks",
				);
				PRODUCT_BUNDLE_IDENTIFIER = "issd.Aqua-appTests";
				PRODUCT_NAME = "$(TARGET_NAME)";
				SWIFT_VERSION = 4.2;
				TARGETED_DEVICE_FAMILY = "1,2";
				TEST_HOST = "$(BUILT_PRODUCTS_DIR)/Aqua app.app/Aqua app";
			};
			name = Release;
		};
		8347CE6421E8A575003057AD /* Debug */ = {
			isa = XCBuildConfiguration;
			buildSettings = {
				ALWAYS_EMBED_SWIFT_STANDARD_LIBRARIES = YES;
				CODE_SIGN_STYLE = Automatic;
				INFOPLIST_FILE = "Aqua appUITests/Info.plist";
				LD_RUNPATH_SEARCH_PATHS = (
					"$(inherited)",
					"@executable_path/Frameworks",
					"@loader_path/Frameworks",
				);
				PRODUCT_BUNDLE_IDENTIFIER = "issd.Aqua-appUITests";
				PRODUCT_NAME = "$(TARGET_NAME)";
				SWIFT_VERSION = 4.2;
				TARGETED_DEVICE_FAMILY = "1,2";
				TEST_TARGET_NAME = "Aqua app";
			};
			name = Debug;
		};
		8347CE6521E8A575003057AD /* Release */ = {
			isa = XCBuildConfiguration;
			buildSettings = {
				ALWAYS_EMBED_SWIFT_STANDARD_LIBRARIES = YES;
				CODE_SIGN_STYLE = Automatic;
				INFOPLIST_FILE = "Aqua appUITests/Info.plist";
				LD_RUNPATH_SEARCH_PATHS = (
					"$(inherited)",
					"@executable_path/Frameworks",
					"@loader_path/Frameworks",
				);
				PRODUCT_BUNDLE_IDENTIFIER = "issd.Aqua-appUITests";
				PRODUCT_NAME = "$(TARGET_NAME)";
				SWIFT_VERSION = 4.2;
				TARGETED_DEVICE_FAMILY = "1,2";
				TEST_TARGET_NAME = "Aqua app";
			};
			name = Release;
		};
/* End XCBuildConfiguration section */

/* Begin XCConfigurationList section */
		8347CE3021E8A574003057AD /* Build configuration list for PBXProject "Aqua app" */ = {
			isa = XCConfigurationList;
			buildConfigurations = (
				8347CE5B21E8A575003057AD /* Debug */,
				8347CE5C21E8A575003057AD /* Release */,
			);
			defaultConfigurationIsVisible = 0;
			defaultConfigurationName = Release;
		};
		8347CE5D21E8A575003057AD /* Build configuration list for PBXNativeTarget "Aqua app" */ = {
			isa = XCConfigurationList;
			buildConfigurations = (
				8347CE5E21E8A575003057AD /* Debug */,
				8347CE5F21E8A575003057AD /* Release */,
			);
			defaultConfigurationIsVisible = 0;
			defaultConfigurationName = Release;
		};
		8347CE6021E8A575003057AD /* Build configuration list for PBXNativeTarget "Aqua appTests" */ = {
			isa = XCConfigurationList;
			buildConfigurations = (
				8347CE6121E8A575003057AD /* Debug */,
				8347CE6221E8A575003057AD /* Release */,
			);
			defaultConfigurationIsVisible = 0;
			defaultConfigurationName = Release;
		};
		8347CE6321E8A575003057AD /* Build configuration list for PBXNativeTarget "Aqua appUITests" */ = {
			isa = XCConfigurationList;
			buildConfigurations = (
				8347CE6421E8A575003057AD /* Debug */,
				8347CE6521E8A575003057AD /* Release */,
			);
			defaultConfigurationIsVisible = 0;
			defaultConfigurationName = Release;
		};
/* End XCConfigurationList section */
	};
	rootObject = 8347CE2D21E8A574003057AD /* Project object */;
}
